
Microsoft Visual Studio Solution File, Format Version 12.00
# Visual Studio 14
VisualStudioVersion = 14.0.25420.1
MinimumVisualStudioVersion = 10.0.40219.1
Project("{8BC9CEB8-8B4A-11D0-8D11-00A0C91BC942}") = "6LR", "6LR\6LR.vcxproj", "{FB74B1E6-4E17-4A96-8E3E-F30F64EFE54C}"
EndProject
Project("{8BC9CEB8-8B4A-11D0-8D11-00A0C91BC942}") = "StaticLibrary", "StaticLibrary\StaticLibrary.vcxproj", "{63EABF6C-2D69-4BC6-BFC2-EF1FC040E2AE}"
EndProject
Project("{8BC9CEB8-8B4A-11D0-8D11-00A0C91BC942}") = "DynamicLibrary", "DynamicLibrary\DynamicLibrary.vcxproj", "{558E90B5-75F7-4418-9929-AF9FA951A9A3}"
EndProject
Global
	GlobalSection(SolutionConfigurationPlatforms) = preSolution
		Debug|x64 = Debug|x64
		Debug|x86 = Debug|x86
		Release|x64 = Release|x64
		Release|x86 = Release|x86
	EndGlobalSection
	GlobalSection(ProjectConfigurationPlatforms) = postSolution
		{FB74B1E6-4E17-4A96-8E3E-F30F64EFE54C}.Debug|x64.ActiveCfg = Debug|x64
		{FB74B1E6-4E17-4A96-8E3E-F30F64EFE54C}.Debug|x64.Build.0 = Debug|x64
		{FB74B1E6-4E17-4A96-8E3E-F30F64EFE54C}.Debug|x86.ActiveCfg = Debug|Win32
		{FB74B1E6-4E17-4A96-8E3E-F30F64EFE54C}.Debug|x86.Build.0 = Debug|Win32
		{FB74B1E6-4E17-4A96-8E3E-F30F64EFE54C}.Release|x64.ActiveCfg = Release|x64
		{FB74B1E6-4E17-4A96-8E3E-F30F64EFE54C}.Release|x64.Build.0 = Release|x64
		{FB74B1E6-4E17-4A96-8E3E-F30F64EFE54C}.Release|x86.ActiveCfg = Release|Win32
		{FB74B1E6-4E17-4A96-8E3E-F30F64EFE54C}.Release|x86.Build.0 = Release|Win32
		{63EABF6C-2D69-4BC6-BFC2-EF1FC040E2AE}.Debug|x64.ActiveCfg = Debug|x64
		{63EABF6C-2D69-4BC6-BFC2-EF1FC040E2AE}.Debug|x64.Build.0 = Debug|x64
		{63EABF6C-2D69-4BC6-BFC2-EF1FC040E2AE}.Debug|x86.ActiveCfg = Debug|Win32
		{63EABF6C-2D69-4BC6-BFC2-EF1FC040E2AE}.Debug|x86.Build.0 = Debug|Win32
		{63EABF6C-2D69-4BC6-BFC2-EF1FC040E2AE}.Release|x64.ActiveCfg = Release|x64
		{63EABF6C-2D69-4BC6-BFC2-EF1FC040E2AE}.Release|x64.Build.0 = Release|x64
		{63EABF6C-2D69-4BC6-BFC2-EF1FC040E2AE}.Release|x86.ActiveCfg = Release|Win32
		{63EABF6C-2D69-4BC6-BFC2-EF1FC040E2AE}.Release|x86.Build.0 = Release|Win32
		{558E90B5-75F7-4418-9929-AF9FA951A9A3}.Debug|x64.ActiveCfg = Debug|x64
		{558E90B5-75F7-4418-9929-AF9FA951A9A3}.Debug|x64.Build.0 = Debug|x64
		{558E90B5-75F7-4418-9929-AF9FA951A9A3}.Debug|x86.ActiveCfg = Debug|Win32
		{558E90B5-75F7-4418-9929-AF9FA951A9A3}.Debug|x86.Build.0 = Debug|Win32
		{558E90B5-75F7-4418-9929-AF9FA951A9A3}.Release|x64.ActiveCfg = Release|x64
		{558E90B5-75F7-4418-9929-AF9FA951A9A3}.Release|x64.Build.0 = Release|x64
		{558E90B5-75F7-4418-9929-AF9FA951A9A3}.Release|x86.ActiveCfg = Release|Win32
		{558E90B5-75F7-4418-9929-AF9FA951A9A3}.Release|x86.Build.0 = Release|Win32
	EndGlobalSection
	GlobalSection(SolutionProperties) = preSolution
		HideSolutionNode = FALSE
	EndGlobalSection
EndGlobal
